
Microsoft Visual Studio Solution File, Format Version 12.00
# Visual Studio Version 17
VisualStudioVersion = 17.9.34616.47
MinimumVisualStudioVersion = 10.0.40219.1
Project("{FAE04EC0-301F-11D3-BF4B-00C04F79EFBC}") = "Week15OOPAndFiles", "Week15OOPAndFiles\Week15OOPAndFiles.csproj", "{12D19FA6-789A-44E5-9178-F21EB07FF8F2}"
EndProject
Global
	GlobalSection(SolutionConfigurationPlatforms) = preSolution
		Debug|Any CPU = Debug|Any CPU
		Release|Any CPU = Release|Any CPU
	EndGlobalSection
	GlobalSection(ProjectConfigurationPlatforms) = postSolution
		{12D19FA6-789A-44E5-9178-F21EB07FF8F2}.Debug|Any CPU.ActiveCfg = Debug|Any CPU
		{12D19FA6-789A-44E5-9178-F21EB07FF8F2}.Debug|Any CPU.Build.0 = Debug|Any CPU
		{12D19FA6-789A-44E5-9178-F21EB07FF8F2}.Release|Any CPU.ActiveCfg = Release|Any CPU
		{12D19FA6-789A-44E5-9178-F21EB07FF8F2}.Release|Any CPU.Build.0 = Release|Any CPU
	EndGlobalSection
	GlobalSection(SolutionProperties) = preSolution
		HideSolutionNode = FALSE
	EndGlobalSection
	GlobalSection(ExtensibilityGlobals) = postSolution
		SolutionGuid = {898D2134-76F8-4D1E-83F8-0416E286B82A}
	EndGlobalSection
EndGlobal
